
Microsoft Visual Studio Solution File, Format Version 12.00
# Visual Studio Version 16
VisualStudioVersion = 16.0.31313.79
MinimumVisualStudioVersion = 10.0.40219.1
Project("{9A19103F-16F7-4668-BE54-9A1E7A4F7556}") = "WpfSeaBattle", "WpfSeaBattle\WpfSeaBattle.csproj", "{3C6FC9C1-62DC-4722-8632-172EC248EFE9}"
EndProject
Project("{FAE04EC0-301F-11D3-BF4B-00C04F79EFBC}") = "SeaBattleLib", "SeaBattleLib\SeaBattleLib.csproj", "{64EEDC75-739B-4B55-B4BE-717D2BBD9546}"
EndProject
Global
	GlobalSection(SolutionConfigurationPlatforms) = preSolution
		Debug|Any CPU = Debug|Any CPU
		Release|Any CPU = Release|Any CPU
	EndGlobalSection
	GlobalSection(ProjectConfigurationPlatforms) = postSolution
		{3C6FC9C1-62DC-4722-8632-172EC248EFE9}.Debug|Any CPU.ActiveCfg = Debug|Any CPU
		{3C6FC9C1-62DC-4722-8632-172EC248EFE9}.Debug|Any CPU.Build.0 = Debug|Any CPU
		{3C6FC9C1-62DC-4722-8632-172EC248EFE9}.Release|Any CPU.ActiveCfg = Release|Any CPU
		{3C6FC9C1-62DC-4722-8632-172EC248EFE9}.Release|Any CPU.Build.0 = Release|Any CPU
		{64EEDC75-739B-4B55-B4BE-717D2BBD9546}.Debug|Any CPU.ActiveCfg = Debug|Any CPU
		{64EEDC75-739B-4B55-B4BE-717D2BBD9546}.Debug|Any CPU.Build.0 = Debug|Any CPU
		{64EEDC75-739B-4B55-B4BE-717D2BBD9546}.Release|Any CPU.ActiveCfg = Release|Any CPU
		{64EEDC75-739B-4B55-B4BE-717D2BBD9546}.Release|Any CPU.Build.0 = Release|Any CPU
	EndGlobalSection
	GlobalSection(SolutionProperties) = preSolution
		HideSolutionNode = FALSE
	EndGlobalSection
	GlobalSection(ExtensibilityGlobals) = postSolution
		SolutionGuid = {78704D5E-C86B-4437-9111-995EAE2CDED0}
	EndGlobalSection
EndGlobal
